
Microsoft Visual Studio Solution File, Format Version 12.00
# Visual Studio 15
VisualStudioVersion = 15.0.28307.705
MinimumVisualStudioVersion = 10.0.40219.1
Project("{00D1A9C2-B5F0-4AF3-8072-F6C62B433612}") = "EMBC_Alight", "EMBC_Alight.sqlproj", "{F6882D4F-5923-4A57-A3FF-3EA24E7279E1}"
EndProject
Global
	GlobalSection(SolutionConfigurationPlatforms) = preSolution
		Debug|Any CPU = Debug|Any CPU
		Release|Any CPU = Release|Any CPU
	EndGlobalSection
	GlobalSection(ProjectConfigurationPlatforms) = postSolution
		{F6882D4F-5923-4A57-A3FF-3EA24E7279E1}.Debug|Any CPU.ActiveCfg = Debug|Any CPU
		{F6882D4F-5923-4A57-A3FF-3EA24E7279E1}.Debug|Any CPU.Build.0 = Debug|Any CPU
		{F6882D4F-5923-4A57-A3FF-3EA24E7279E1}.Debug|Any CPU.Deploy.0 = Debug|Any CPU
		{F6882D4F-5923-4A57-A3FF-3EA24E7279E1}.Release|Any CPU.ActiveCfg = Release|Any CPU
		{F6882D4F-5923-4A57-A3FF-3EA24E7279E1}.Release|Any CPU.Build.0 = Release|Any CPU
		{F6882D4F-5923-4A57-A3FF-3EA24E7279E1}.Release|Any CPU.Deploy.0 = Release|Any CPU
	EndGlobalSection
	GlobalSection(SolutionProperties) = preSolution
		HideSolutionNode = FALSE
	EndGlobalSection
	GlobalSection(ExtensibilityGlobals) = postSolution
		SolutionGuid = {E64BCB73-614B-41A5-B7B9-B4DD49B62736}
	EndGlobalSection
EndGlobal
