
Microsoft Visual Studio Solution File, Format Version 12.00
# Visual Studio 15
VisualStudioVersion = 15.0.28307.705
MinimumVisualStudioVersion = 10.0.40219.1
Project("{159641D6-6404-4A2A-AE62-294DE0FE8301}") = "EMBC_ERA_ETL", "EMBC_ERA_ETL.dtproj", "{C3C24B63-2DC4-4C1E-A3CF-A4E69E8FF911}"
EndProject
Global
	GlobalSection(SolutionConfigurationPlatforms) = preSolution
		Development|Default = Development|Default
	EndGlobalSection
	GlobalSection(ProjectConfigurationPlatforms) = postSolution
		{C3C24B63-2DC4-4C1E-A3CF-A4E69E8FF911}.Development|Default.ActiveCfg = Development
		{C3C24B63-2DC4-4C1E-A3CF-A4E69E8FF911}.Development|Default.Build.0 = Development
	EndGlobalSection
	GlobalSection(SolutionProperties) = preSolution
		HideSolutionNode = FALSE
	EndGlobalSection
	GlobalSection(ExtensibilityGlobals) = postSolution
		SolutionGuid = {E7775712-3388-49ED-8795-C09EA2910F11}
	EndGlobalSection
EndGlobal
